
Microsoft Visual Studio Solution File, Format Version 12.00
# Visual Studio 15
VisualStudioVersion = 15.0.28307.421
MinimumVisualStudioVersion = 10.0.40219.1
Project("{FAE04EC0-301F-11D3-BF4B-00C04F79EFBC}") = "Centr_1", "Centr_1\Centr_1.csproj", "{5DDFD0EA-4E86-4417-B678-6506AC1341AB}"
EndProject
Global
	GlobalSection(SolutionConfigurationPlatforms) = preSolution
		Debug|Any CPU = Debug|Any CPU
		Release|Any CPU = Release|Any CPU
	EndGlobalSection
	GlobalSection(ProjectConfigurationPlatforms) = postSolution
		{5DDFD0EA-4E86-4417-B678-6506AC1341AB}.Debug|Any CPU.ActiveCfg = Debug|Any CPU
		{5DDFD0EA-4E86-4417-B678-6506AC1341AB}.Debug|Any CPU.Build.0 = Debug|Any CPU
		{5DDFD0EA-4E86-4417-B678-6506AC1341AB}.Release|Any CPU.ActiveCfg = Release|Any CPU
		{5DDFD0EA-4E86-4417-B678-6506AC1341AB}.Release|Any CPU.Build.0 = Release|Any CPU
	EndGlobalSection
	GlobalSection(SolutionProperties) = preSolution
		HideSolutionNode = FALSE
	EndGlobalSection
	GlobalSection(ExtensibilityGlobals) = postSolution
		SolutionGuid = {2150DAF6-B590-45F3-998D-F9F3287B9E2D}
	EndGlobalSection
EndGlobal
