
Microsoft Visual Studio Solution File, Format Version 12.00
# Visual Studio 15
VisualStudioVersion = 15.0.28307.421
MinimumVisualStudioVersion = 10.0.40219.1
Project("{FAE04EC0-301F-11D3-BF4B-00C04F79EFBC}") = "index_hirsha", "index_hirsha\index_hirsha.csproj", "{6602A07E-2E1E-4F28-BA98-69BEBE43B0A4}"
EndProject
Global
	GlobalSection(SolutionConfigurationPlatforms) = preSolution
		Debug|Any CPU = Debug|Any CPU
		Release|Any CPU = Release|Any CPU
	EndGlobalSection
	GlobalSection(ProjectConfigurationPlatforms) = postSolution
		{6602A07E-2E1E-4F28-BA98-69BEBE43B0A4}.Debug|Any CPU.ActiveCfg = Debug|Any CPU
		{6602A07E-2E1E-4F28-BA98-69BEBE43B0A4}.Debug|Any CPU.Build.0 = Debug|Any CPU
		{6602A07E-2E1E-4F28-BA98-69BEBE43B0A4}.Release|Any CPU.ActiveCfg = Release|Any CPU
		{6602A07E-2E1E-4F28-BA98-69BEBE43B0A4}.Release|Any CPU.Build.0 = Release|Any CPU
	EndGlobalSection
	GlobalSection(SolutionProperties) = preSolution
		HideSolutionNode = FALSE
	EndGlobalSection
	GlobalSection(ExtensibilityGlobals) = postSolution
		SolutionGuid = {1142FA92-2B88-44E7-8FCE-00A6E076B0F9}
	EndGlobalSection
EndGlobal
